
Microsoft Visual Studio Solution File, Format Version 12.00
# Visual Studio 2012
Project("{2150E333-8FDC-42A3-9474-1A3956D46DE8}") = "Desktop", "Desktop", "{2706DDA2-5440-478F-9C46-B0252CC81E2C}"
EndProject
Project("{FAE04EC0-301F-11D3-BF4B-00C04F79EFBC}") = "SV.UPnPLite", "Desktop\SV.UPnPLite\SV.UPnPLite.csproj", "{F4C66E2B-97CC-4954-9C06-C54E8F000C96}"
EndProject
Project("{2150E333-8FDC-42A3-9474-1A3956D46DE8}") = "Metro", "Metro", "{BD8968B6-82A4-490B-9950-4F4300BEAA91}"
EndProject
Project("{FAE04EC0-301F-11D3-BF4B-00C04F79EFBC}") = "SV.UPnPLite", "Metro\SV.UPnPLite\SV.UPnPLite.csproj", "{75231886-4D22-4878-9F54-EEF32FCE2B50}"
EndProject
Project("{FAE04EC0-301F-11D3-BF4B-00C04F79EFBC}") = "TestApp", "Desktop\TestApp\TestApp.csproj", "{923E0534-8DC2-494B-9D6B-725E6D7136D3}"
EndProject
Global
	GlobalSection(SolutionConfigurationPlatforms) = preSolution
		Debug|Any CPU = Debug|Any CPU
		Debug|ARM = Debug|ARM
		Debug|x64 = Debug|x64
		Debug|x86 = Debug|x86
		Release|Any CPU = Release|Any CPU
		Release|ARM = Release|ARM
		Release|x64 = Release|x64
		Release|x86 = Release|x86
	EndGlobalSection
	GlobalSection(ProjectConfigurationPlatforms) = postSolution
		{F4C66E2B-97CC-4954-9C06-C54E8F000C96}.Debug|Any CPU.ActiveCfg = Debug|Any CPU
		{F4C66E2B-97CC-4954-9C06-C54E8F000C96}.Debug|Any CPU.Build.0 = Debug|Any CPU
		{F4C66E2B-97CC-4954-9C06-C54E8F000C96}.Debug|ARM.ActiveCfg = Debug|Any CPU
		{F4C66E2B-97CC-4954-9C06-C54E8F000C96}.Debug|x64.ActiveCfg = Debug|Any CPU
		{F4C66E2B-97CC-4954-9C06-C54E8F000C96}.Debug|x86.ActiveCfg = Debug|Any CPU
		{F4C66E2B-97CC-4954-9C06-C54E8F000C96}.Release|Any CPU.ActiveCfg = Release|Any CPU
		{F4C66E2B-97CC-4954-9C06-C54E8F000C96}.Release|Any CPU.Build.0 = Release|Any CPU
		{F4C66E2B-97CC-4954-9C06-C54E8F000C96}.Release|ARM.ActiveCfg = Release|Any CPU
		{F4C66E2B-97CC-4954-9C06-C54E8F000C96}.Release|x64.ActiveCfg = Release|Any CPU
		{F4C66E2B-97CC-4954-9C06-C54E8F000C96}.Release|x86.ActiveCfg = Release|Any CPU
		{75231886-4D22-4878-9F54-EEF32FCE2B50}.Debug|Any CPU.ActiveCfg = Debug|Any CPU
		{75231886-4D22-4878-9F54-EEF32FCE2B50}.Debug|Any CPU.Build.0 = Debug|Any CPU
		{75231886-4D22-4878-9F54-EEF32FCE2B50}.Debug|ARM.ActiveCfg = Debug|ARM
		{75231886-4D22-4878-9F54-EEF32FCE2B50}.Debug|ARM.Build.0 = Debug|ARM
		{75231886-4D22-4878-9F54-EEF32FCE2B50}.Debug|x64.ActiveCfg = Debug|x64
		{75231886-4D22-4878-9F54-EEF32FCE2B50}.Debug|x64.Build.0 = Debug|x64
		{75231886-4D22-4878-9F54-EEF32FCE2B50}.Debug|x86.ActiveCfg = Debug|x86
		{75231886-4D22-4878-9F54-EEF32FCE2B50}.Debug|x86.Build.0 = Debug|x86
		{75231886-4D22-4878-9F54-EEF32FCE2B50}.Release|Any CPU.ActiveCfg = Release|Any CPU
		{75231886-4D22-4878-9F54-EEF32FCE2B50}.Release|Any CPU.Build.0 = Release|Any CPU
		{75231886-4D22-4878-9F54-EEF32FCE2B50}.Release|ARM.ActiveCfg = Release|ARM
		{75231886-4D22-4878-9F54-EEF32FCE2B50}.Release|ARM.Build.0 = Release|ARM
		{75231886-4D22-4878-9F54-EEF32FCE2B50}.Release|x64.ActiveCfg = Release|x64
		{75231886-4D22-4878-9F54-EEF32FCE2B50}.Release|x64.Build.0 = Release|x64
		{75231886-4D22-4878-9F54-EEF32FCE2B50}.Release|x86.ActiveCfg = Release|x86
		{75231886-4D22-4878-9F54-EEF32FCE2B50}.Release|x86.Build.0 = Release|x86
		{923E0534-8DC2-494B-9D6B-725E6D7136D3}.Debug|Any CPU.ActiveCfg = Debug|Any CPU
		{923E0534-8DC2-494B-9D6B-725E6D7136D3}.Debug|Any CPU.Build.0 = Debug|Any CPU
		{923E0534-8DC2-494B-9D6B-725E6D7136D3}.Debug|ARM.ActiveCfg = Debug|Any CPU
		{923E0534-8DC2-494B-9D6B-725E6D7136D3}.Debug|x64.ActiveCfg = Debug|Any CPU
		{923E0534-8DC2-494B-9D6B-725E6D7136D3}.Debug|x86.ActiveCfg = Debug|Any CPU
		{923E0534-8DC2-494B-9D6B-725E6D7136D3}.Release|Any CPU.ActiveCfg = Release|Any CPU
		{923E0534-8DC2-494B-9D6B-725E6D7136D3}.Release|Any CPU.Build.0 = Release|Any CPU
		{923E0534-8DC2-494B-9D6B-725E6D7136D3}.Release|ARM.ActiveCfg = Release|Any CPU
		{923E0534-8DC2-494B-9D6B-725E6D7136D3}.Release|x64.ActiveCfg = Release|Any CPU
		{923E0534-8DC2-494B-9D6B-725E6D7136D3}.Release|x86.ActiveCfg = Release|Any CPU
	EndGlobalSection
	GlobalSection(SolutionProperties) = preSolution
		HideSolutionNode = FALSE
	EndGlobalSection
	GlobalSection(NestedProjects) = preSolution
		{F4C66E2B-97CC-4954-9C06-C54E8F000C96} = {2706DDA2-5440-478F-9C46-B0252CC81E2C}
		{923E0534-8DC2-494B-9D6B-725E6D7136D3} = {2706DDA2-5440-478F-9C46-B0252CC81E2C}
		{75231886-4D22-4878-9F54-EEF32FCE2B50} = {BD8968B6-82A4-490B-9950-4F4300BEAA91}
	EndGlobalSection
EndGlobal
